
Microsoft Visual Studio Solution File, Format Version 12.00
Project("{FAE04EC0-301F-11D3-BF4B-00C04F79EFBC}") = "SumOfElements", "SumOfElements\SumOfElements.csproj", "{E2E3895D-2B1F-4358-932E-719015217F2F}"
EndProject
Project("{FAE04EC0-301F-11D3-BF4B-00C04F79EFBC}") = "ConstantFunction", "ConstantFunction\ConstantFunction.csproj", "{667B2159-E50E-4A2B-A2AD-310D8DA8B334}"
EndProject
Project("{FAE04EC0-301F-11D3-BF4B-00C04F79EFBC}") = "HelperLibrary", "HelperLibrary\HelperLibrary.csproj", "{8775474A-494F-4C7E-B3D4-F1E965EA43E6}"
EndProject
Project("{FAE04EC0-301F-11D3-BF4B-00C04F79EFBC}") = "Tests", "Testing\Tests.csproj", "{EEC75A82-E0C4-4422-9D11-194B6E4211F9}"
EndProject
Project("{FAE04EC0-301F-11D3-BF4B-00C04F79EFBC}") = "MultiplicationOfElements", "MultiplicationOfElements\MultiplicationOfElements.csproj", "{28E171A3-531F-45F0-9787-0CEA64C69F41}"
EndProject
Project("{FAE04EC0-301F-11D3-BF4B-00C04F79EFBC}") = "BubbleSort", "BubbleSort\BubbleSort.csproj", "{B4FACDDC-5C00-4FE1-98D7-5B949F8A8586}"
EndProject
Project("{FAE04EC0-301F-11D3-BF4B-00C04F79EFBC}") = "SelectionSort", "SelectionSort\SelectionSort.csproj", "{4B80CFA6-8A6D-4E3D-9CFB-924BC2A19FCB}"
EndProject
Project("{FAE04EC0-301F-11D3-BF4B-00C04F79EFBC}") = "GnomeSort", "GnomeSort\GnomeSort.csproj", "{20438E50-CB24-4551-BEE0-67C3BBCC76D8}"
EndProject
Project("{FAE04EC0-301F-11D3-BF4B-00C04F79EFBC}") = "QuickSort", "QuickSort\QuickSort.csproj", "{EB1E5BAF-D60C-475D-877A-778107FF7078}"
EndProject
Project("{FAE04EC0-301F-11D3-BF4B-00C04F79EFBC}") = "TimSort", "TimSort\TimSort.csproj", "{6FE02DCA-4CAC-414D-BE03-708CCEC85855}"
EndProject
Project("{FAE04EC0-301F-11D3-BF4B-00C04F79EFBC}") = "MatrixMultiplication", "MatrixMultiplication\MatrixMultiplication.csproj", "{5AF9BEBE-8C9D-4531-9D93-EA600729D406}"
EndProject
Project("{FAE04EC0-301F-11D3-BF4B-00C04F79EFBC}") = "PowFunction", "PowFunction\PowFunction.csproj", "{E361DCB4-B7C5-4CE7-BA86-983814C15D56}"
EndProject
Project("{FAE04EC0-301F-11D3-BF4B-00C04F79EFBC}") = "PolynomialGorner", "PolynomialGorner\PolynomialGorner.csproj", "{E299382C-D75C-44BC-984D-06314FF1D34E}"
EndProject
Project("{FAE04EC0-301F-11D3-BF4B-00C04F79EFBC}") = "PancakeSort", "PancakeSort\PancakeSort.csproj", "{99B99D47-D01E-4BDC-986F-F0513B26321B}"
EndProject
Global
	GlobalSection(SolutionConfigurationPlatforms) = preSolution
		Debug|Any CPU = Debug|Any CPU
		Release|Any CPU = Release|Any CPU
	EndGlobalSection
	GlobalSection(ProjectConfigurationPlatforms) = postSolution
		{E2E3895D-2B1F-4358-932E-719015217F2F}.Debug|Any CPU.ActiveCfg = Debug|Any CPU
		{E2E3895D-2B1F-4358-932E-719015217F2F}.Debug|Any CPU.Build.0 = Debug|Any CPU
		{E2E3895D-2B1F-4358-932E-719015217F2F}.Release|Any CPU.ActiveCfg = Release|Any CPU
		{E2E3895D-2B1F-4358-932E-719015217F2F}.Release|Any CPU.Build.0 = Release|Any CPU
		{667B2159-E50E-4A2B-A2AD-310D8DA8B334}.Debug|Any CPU.ActiveCfg = Debug|Any CPU
		{667B2159-E50E-4A2B-A2AD-310D8DA8B334}.Debug|Any CPU.Build.0 = Debug|Any CPU
		{667B2159-E50E-4A2B-A2AD-310D8DA8B334}.Release|Any CPU.ActiveCfg = Release|Any CPU
		{667B2159-E50E-4A2B-A2AD-310D8DA8B334}.Release|Any CPU.Build.0 = Release|Any CPU
		{8775474A-494F-4C7E-B3D4-F1E965EA43E6}.Debug|Any CPU.ActiveCfg = Debug|Any CPU
		{8775474A-494F-4C7E-B3D4-F1E965EA43E6}.Debug|Any CPU.Build.0 = Debug|Any CPU
		{8775474A-494F-4C7E-B3D4-F1E965EA43E6}.Release|Any CPU.ActiveCfg = Release|Any CPU
		{8775474A-494F-4C7E-B3D4-F1E965EA43E6}.Release|Any CPU.Build.0 = Release|Any CPU
		{EEC75A82-E0C4-4422-9D11-194B6E4211F9}.Debug|Any CPU.ActiveCfg = Debug|Any CPU
		{EEC75A82-E0C4-4422-9D11-194B6E4211F9}.Debug|Any CPU.Build.0 = Debug|Any CPU
		{EEC75A82-E0C4-4422-9D11-194B6E4211F9}.Release|Any CPU.ActiveCfg = Release|Any CPU
		{EEC75A82-E0C4-4422-9D11-194B6E4211F9}.Release|Any CPU.Build.0 = Release|Any CPU
		{28E171A3-531F-45F0-9787-0CEA64C69F41}.Debug|Any CPU.ActiveCfg = Debug|Any CPU
		{28E171A3-531F-45F0-9787-0CEA64C69F41}.Debug|Any CPU.Build.0 = Debug|Any CPU
		{28E171A3-531F-45F0-9787-0CEA64C69F41}.Release|Any CPU.ActiveCfg = Release|Any CPU
		{28E171A3-531F-45F0-9787-0CEA64C69F41}.Release|Any CPU.Build.0 = Release|Any CPU
		{B4FACDDC-5C00-4FE1-98D7-5B949F8A8586}.Debug|Any CPU.ActiveCfg = Debug|Any CPU
		{B4FACDDC-5C00-4FE1-98D7-5B949F8A8586}.Debug|Any CPU.Build.0 = Debug|Any CPU
		{B4FACDDC-5C00-4FE1-98D7-5B949F8A8586}.Release|Any CPU.ActiveCfg = Release|Any CPU
		{B4FACDDC-5C00-4FE1-98D7-5B949F8A8586}.Release|Any CPU.Build.0 = Release|Any CPU
		{4B80CFA6-8A6D-4E3D-9CFB-924BC2A19FCB}.Debug|Any CPU.ActiveCfg = Debug|Any CPU
		{4B80CFA6-8A6D-4E3D-9CFB-924BC2A19FCB}.Debug|Any CPU.Build.0 = Debug|Any CPU
		{4B80CFA6-8A6D-4E3D-9CFB-924BC2A19FCB}.Release|Any CPU.ActiveCfg = Release|Any CPU
		{4B80CFA6-8A6D-4E3D-9CFB-924BC2A19FCB}.Release|Any CPU.Build.0 = Release|Any CPU
		{20438E50-CB24-4551-BEE0-67C3BBCC76D8}.Debug|Any CPU.ActiveCfg = Debug|Any CPU
		{20438E50-CB24-4551-BEE0-67C3BBCC76D8}.Debug|Any CPU.Build.0 = Debug|Any CPU
		{20438E50-CB24-4551-BEE0-67C3BBCC76D8}.Release|Any CPU.ActiveCfg = Release|Any CPU
		{20438E50-CB24-4551-BEE0-67C3BBCC76D8}.Release|Any CPU.Build.0 = Release|Any CPU
		{EB1E5BAF-D60C-475D-877A-778107FF7078}.Debug|Any CPU.ActiveCfg = Debug|Any CPU
		{EB1E5BAF-D60C-475D-877A-778107FF7078}.Debug|Any CPU.Build.0 = Debug|Any CPU
		{EB1E5BAF-D60C-475D-877A-778107FF7078}.Release|Any CPU.ActiveCfg = Release|Any CPU
		{EB1E5BAF-D60C-475D-877A-778107FF7078}.Release|Any CPU.Build.0 = Release|Any CPU
		{6FE02DCA-4CAC-414D-BE03-708CCEC85855}.Debug|Any CPU.ActiveCfg = Debug|Any CPU
		{6FE02DCA-4CAC-414D-BE03-708CCEC85855}.Debug|Any CPU.Build.0 = Debug|Any CPU
		{6FE02DCA-4CAC-414D-BE03-708CCEC85855}.Release|Any CPU.ActiveCfg = Release|Any CPU
		{6FE02DCA-4CAC-414D-BE03-708CCEC85855}.Release|Any CPU.Build.0 = Release|Any CPU
		{5AF9BEBE-8C9D-4531-9D93-EA600729D406}.Debug|Any CPU.ActiveCfg = Debug|Any CPU
		{5AF9BEBE-8C9D-4531-9D93-EA600729D406}.Debug|Any CPU.Build.0 = Debug|Any CPU
		{5AF9BEBE-8C9D-4531-9D93-EA600729D406}.Release|Any CPU.ActiveCfg = Release|Any CPU
		{5AF9BEBE-8C9D-4531-9D93-EA600729D406}.Release|Any CPU.Build.0 = Release|Any CPU
		{E361DCB4-B7C5-4CE7-BA86-983814C15D56}.Debug|Any CPU.ActiveCfg = Debug|Any CPU
		{E361DCB4-B7C5-4CE7-BA86-983814C15D56}.Debug|Any CPU.Build.0 = Debug|Any CPU
		{E361DCB4-B7C5-4CE7-BA86-983814C15D56}.Release|Any CPU.ActiveCfg = Release|Any CPU
		{E361DCB4-B7C5-4CE7-BA86-983814C15D56}.Release|Any CPU.Build.0 = Release|Any CPU
		{E299382C-D75C-44BC-984D-06314FF1D34E}.Debug|Any CPU.ActiveCfg = Debug|Any CPU
		{E299382C-D75C-44BC-984D-06314FF1D34E}.Debug|Any CPU.Build.0 = Debug|Any CPU
		{E299382C-D75C-44BC-984D-06314FF1D34E}.Release|Any CPU.ActiveCfg = Release|Any CPU
		{E299382C-D75C-44BC-984D-06314FF1D34E}.Release|Any CPU.Build.0 = Release|Any CPU
		{99B99D47-D01E-4BDC-986F-F0513B26321B}.Debug|Any CPU.ActiveCfg = Debug|Any CPU
		{99B99D47-D01E-4BDC-986F-F0513B26321B}.Debug|Any CPU.Build.0 = Debug|Any CPU
		{99B99D47-D01E-4BDC-986F-F0513B26321B}.Release|Any CPU.ActiveCfg = Release|Any CPU
		{99B99D47-D01E-4BDC-986F-F0513B26321B}.Release|Any CPU.Build.0 = Release|Any CPU
	EndGlobalSection
EndGlobal
